// !$*UTF8*$!
{
	archiveVersion = 1;
	classes = {
	};
	objectVersion = 46;
	objects = {

/* Begin PBXBuildFile section */
		769253E9E196D745BCEA53B3 /* Pods_PokemonUITests.framework in Frameworks */ = {isa = PBXBuildFile; fileRef = 1ED7A04CC717746AC4DD26B1 /* Pods_PokemonUITests.framework */; };
		8678682045B71C1F2346C806 /* Pods_PokemonTests.framework in Frameworks */ = {isa = PBXBuildFile; fileRef = D01F965C4413C27AA78BA8DA /* Pods_PokemonTests.framework */; };
		E1D324CE9A3890F53BEE794F /* Pods_Pokemon.framework in Frameworks */ = {isa = PBXBuildFile; fileRef = D8199B812F1C5C9AF0576685 /* Pods_Pokemon.framework */; };
		FB5E67281F5A29D10050F5F3 /* Pokemon.swift in Sources */ = {isa = PBXBuildFile; fileRef = FB5E67271F5A29D10050F5F3 /* Pokemon.swift */; };
		FB5E672A1F5A2BC80050F5F3 /* Alamofire.framework in Frameworks */ = {isa = PBXBuildFile; fileRef = FB5E67291F5A2BC80050F5F3 /* Alamofire.framework */; };
		FB5E672C1F5A769F0050F5F3 /* pokemonDetailsVC.swift in Sources */ = {isa = PBXBuildFile; fileRef = FB5E672B1F5A769F0050F5F3 /* pokemonDetailsVC.swift */; };
		FB5E672E1F5A8D960050F5F3 /* PokemonDetails.swift in Sources */ = {isa = PBXBuildFile; fileRef = FB5E672D1F5A8D960050F5F3 /* PokemonDetails.swift */; };
		FB5E674B1F5B6C720050F5F3 /* DecodeJson.swift in Sources */ = {isa = PBXBuildFile; fileRef = FB5E674A1F5B6C720050F5F3 /* DecodeJson.swift */; };
		FB5E674D1F5B799E0050F5F3 /* pokemonList.json in Resources */ = {isa = PBXBuildFile; fileRef = FB5E674C1F5B799E0050F5F3 /* pokemonList.json */; };
		FB5E674F1F5B79D30050F5F3 /* PokemonListTest.swift in Sources */ = {isa = PBXBuildFile; fileRef = FB5E674E1F5B79D30050F5F3 /* PokemonListTest.swift */; };
		FB5E67511F5B7E3D0050F5F3 /* pokemonList.json in Resources */ = {isa = PBXBuildFile; fileRef = FB5E67501F5B7E3D0050F5F3 /* pokemonList.json */; };
		FB5E67531F5BC5DE0050F5F3 /* pokemonListMisformedKeys.json in Resources */ = {isa = PBXBuildFile; fileRef = FB5E67521F5BC5DE0050F5F3 /* pokemonListMisformedKeys.json */; };
		FB5E67551F5BEE5C0050F5F3 /* PokemonDetailsTest.swift in Sources */ = {isa = PBXBuildFile; fileRef = FB5E67541F5BEE5C0050F5F3 /* PokemonDetailsTest.swift */; };
		FB8253C01F63439D004A243F /* PokeUITests.swift in Sources */ = {isa = PBXBuildFile; fileRef = FB8253BF1F63439D004A243F /* PokeUITests.swift */; };
		FBADD5ED1F5A15CA00692ED1 /* AppDelegate.swift in Sources */ = {isa = PBXBuildFile; fileRef = FBADD5EC1F5A15CA00692ED1 /* AppDelegate.swift */; };
		FBADD5EF1F5A15CA00692ED1 /* mainTableviewVC.swift in Sources */ = {isa = PBXBuildFile; fileRef = FBADD5EE1F5A15CA00692ED1 /* mainTableviewVC.swift */; };
		FBADD5F21F5A15CA00692ED1 /* Main.storyboard in Resources */ = {isa = PBXBuildFile; fileRef = FBADD5F01F5A15CA00692ED1 /* Main.storyboard */; };
		FBADD5F41F5A15CA00692ED1 /* Assets.xcassets in Resources */ = {isa = PBXBuildFile; fileRef = FBADD5F31F5A15CA00692ED1 /* Assets.xcassets */; };
		FBADD5F71F5A15CA00692ED1 /* LaunchScreen.storyboard in Resources */ = {isa = PBXBuildFile; fileRef = FBADD5F51F5A15CA00692ED1 /* LaunchScreen.storyboard */; };
		FBBBCE251F5D0AC40002B861 /* Pokemon Solid.ttf in Resources */ = {isa = PBXBuildFile; fileRef = FBBBCE241F5D0AC40002B861 /* Pokemon Solid.ttf */; };
		FBBBCE2A1F5D47C50002B861 /* Alert.swift in Sources */ = {isa = PBXBuildFile; fileRef = FBBBCE291F5D47C50002B861 /* Alert.swift */; };
/* End PBXBuildFile section */

/* Begin PBXContainerItemProxy section */
		FB8253C21F63439D004A243F /* PBXContainerItemProxy */ = {
			isa = PBXContainerItemProxy;
			containerPortal = FBADD5E11F5A15CA00692ED1 /* Project object */;
			proxyType = 1;
			remoteGlobalIDString = FBADD5E81F5A15CA00692ED1;
			remoteInfo = Pokemon;
		};
		FBADD5FE1F5A15CA00692ED1 /* PBXContainerItemProxy */ = {
			isa = PBXContainerItemProxy;
			containerPortal = FBADD5E11F5A15CA00692ED1 /* Project object */;
			proxyType = 1;
			remoteGlobalIDString = FBADD5E81F5A15CA00692ED1;
			remoteInfo = Pokemon;
		};
		FBADD6091F5A15CA00692ED1 /* PBXContainerItemProxy */ = {
			isa = PBXContainerItemProxy;
			containerPortal = FBADD5E11F5A15CA00692ED1 /* Project object */;
			proxyType = 1;
			remoteGlobalIDString = FBADD5E81F5A15CA00692ED1;
			remoteInfo = Pokemon;
		};
/* End PBXContainerItemProxy section */

/* Begin PBXFileReference section */
		0953A44BD3F2012450FC8FFD /* Pods-PokemonUITests.debug.xcconfig */ = {isa = PBXFileReference; includeInIndex = 1; lastKnownFileType = text.xcconfig; name = "Pods-PokemonUITests.debug.xcconfig"; path = "Pods/Target Support Files/Pods-PokemonUITests/Pods-PokemonUITests.debug.xcconfig"; sourceTree = "<group>"; };
		1ED7A04CC717746AC4DD26B1 /* Pods_PokemonUITests.framework */ = {isa = PBXFileReference; explicitFileType = wrapper.framework; includeInIndex = 0; path = Pods_PokemonUITests.framework; sourceTree = BUILT_PRODUCTS_DIR; };
		887C2D97A1F020FB3C91882B /* Pods-PokemonTests.release.xcconfig */ = {isa = PBXFileReference; includeInIndex = 1; lastKnownFileType = text.xcconfig; name = "Pods-PokemonTests.release.xcconfig"; path = "Pods/Target Support Files/Pods-PokemonTests/Pods-PokemonTests.release.xcconfig"; sourceTree = "<group>"; };
		AE19FFA36F213AB8A3FBA7A1 /* Pods-PokemonTests.debug.xcconfig */ = {isa = PBXFileReference; includeInIndex = 1; lastKnownFileType = text.xcconfig; name = "Pods-PokemonTests.debug.xcconfig"; path = "Pods/Target Support Files/Pods-PokemonTests/Pods-PokemonTests.debug.xcconfig"; sourceTree = "<group>"; };
		C063F02F950E1505C1723AC1 /* Pods-PokemonUITests.release.xcconfig */ = {isa = PBXFileReference; includeInIndex = 1; lastKnownFileType = text.xcconfig; name = "Pods-PokemonUITests.release.xcconfig"; path = "Pods/Target Support Files/Pods-PokemonUITests/Pods-PokemonUITests.release.xcconfig"; sourceTree = "<group>"; };
		D01F965C4413C27AA78BA8DA /* Pods_PokemonTests.framework */ = {isa = PBXFileReference; explicitFileType = wrapper.framework; includeInIndex = 0; path = Pods_PokemonTests.framework; sourceTree = BUILT_PRODUCTS_DIR; };
		D8199B812F1C5C9AF0576685 /* Pods_Pokemon.framework */ = {isa = PBXFileReference; explicitFileType = wrapper.framework; includeInIndex = 0; path = Pods_Pokemon.framework; sourceTree = BUILT_PRODUCTS_DIR; };
		EE2F34C7A7AD65F37671B601 /* Pods-Pokemon.debug.xcconfig */ = {isa = PBXFileReference; includeInIndex = 1; lastKnownFileType = text.xcconfig; name = "Pods-Pokemon.debug.xcconfig"; path = "Pods/Target Support Files/Pods-Pokemon/Pods-Pokemon.debug.xcconfig"; sourceTree = "<group>"; };
		F4E7B7E40B08D0B5D5A709BB /* Pods-Pokemon.release.xcconfig */ = {isa = PBXFileReference; includeInIndex = 1; lastKnownFileType = text.xcconfig; name = "Pods-Pokemon.release.xcconfig"; path = "Pods/Target Support Files/Pods-Pokemon/Pods-Pokemon.release.xcconfig"; sourceTree = "<group>"; };
		FB5E67271F5A29D10050F5F3 /* Pokemon.swift */ = {isa = PBXFileReference; fileEncoding = 4; lastKnownFileType = sourcecode.swift; path = Pokemon.swift; sourceTree = "<group>"; };
		FB5E67291F5A2BC80050F5F3 /* Alamofire.framework */ = {isa = PBXFileReference; lastKnownFileType = wrapper.framework; name = Alamofire.framework; path = "Pods/../build/Release-iphoneos/Alamofire/Alamofire.framework"; sourceTree = "<group>"; };
		FB5E672B1F5A769F0050F5F3 /* pokemonDetailsVC.swift */ = {isa = PBXFileReference; fileEncoding = 4; lastKnownFileType = sourcecode.swift; path = pokemonDetailsVC.swift; sourceTree = "<group>"; };
		FB5E672D1F5A8D960050F5F3 /* PokemonDetails.swift */ = {isa = PBXFileReference; fileEncoding = 4; lastKnownFileType = sourcecode.swift; path = PokemonDetails.swift; sourceTree = "<group>"; };
		FB5E674A1F5B6C720050F5F3 /* DecodeJson.swift */ = {isa = PBXFileReference; fileEncoding = 4; lastKnownFileType = sourcecode.swift; path = DecodeJson.swift; sourceTree = "<group>"; };
		FB5E674C1F5B799E0050F5F3 /* pokemonList.json */ = {isa = PBXFileReference; fileEncoding = 4; lastKnownFileType = text.json; name = pokemonList.json; path = PokemonTests/pokemonList.json; sourceTree = SOURCE_ROOT; };
		FB5E674E1F5B79D30050F5F3 /* PokemonListTest.swift */ = {isa = PBXFileReference; fileEncoding = 4; lastKnownFileType = sourcecode.swift; path = PokemonListTest.swift; sourceTree = "<group>"; };
		FB5E67501F5B7E3D0050F5F3 /* pokemonList.json */ = {isa = PBXFileReference; fileEncoding = 4; lastKnownFileType = text.json; path = pokemonList.json; sourceTree = "<group>"; };
		FB5E67521F5BC5DE0050F5F3 /* pokemonListMisformedKeys.json */ = {isa = PBXFileReference; fileEncoding = 4; lastKnownFileType = text.json; path = pokemonListMisformedKeys.json; sourceTree = "<group>"; };
		FB5E67541F5BEE5C0050F5F3 /* PokemonDetailsTest.swift */ = {isa = PBXFileReference; fileEncoding = 4; lastKnownFileType = sourcecode.swift; path = PokemonDetailsTest.swift; sourceTree = "<group>"; };
		FB8253BD1F63439D004A243F /* PokeUITests.xctest */ = {isa = PBXFileReference; explicitFileType = wrapper.cfbundle; includeInIndex = 0; path = PokeUITests.xctest; sourceTree = BUILT_PRODUCTS_DIR; };
		FB8253BF1F63439D004A243F /* PokeUITests.swift */ = {isa = PBXFileReference; lastKnownFileType = sourcecode.swift; path = PokeUITests.swift; sourceTree = "<group>"; };
		FB8253C11F63439D004A243F /* Info.plist */ = {isa = PBXFileReference; lastKnownFileType = text.plist.xml; path = Info.plist; sourceTree = "<group>"; };
		FBADD5E91F5A15CA00692ED1 /* Pokemon.app */ = {isa = PBXFileReference; explicitFileType = wrapper.application; includeInIndex = 0; path = Pokemon.app; sourceTree = BUILT_PRODUCTS_DIR; };
		FBADD5EC1F5A15CA00692ED1 /* AppDelegate.swift */ = {isa = PBXFileReference; lastKnownFileType = sourcecode.swift; path = AppDelegate.swift; sourceTree = "<group>"; };
		FBADD5EE1F5A15CA00692ED1 /* mainTableviewVC.swift */ = {isa = PBXFileReference; lastKnownFileType = sourcecode.swift; path = mainTableviewVC.swift; sourceTree = "<group>"; };
		FBADD5F11F5A15CA00692ED1 /* Base */ = {isa = PBXFileReference; lastKnownFileType = file.storyboard; name = Base; path = Base.lproj/Main.storyboard; sourceTree = "<group>"; };
		FBADD5F31F5A15CA00692ED1 /* Assets.xcassets */ = {isa = PBXFileReference; lastKnownFileType = folder.assetcatalog; path = Assets.xcassets; sourceTree = "<group>"; };
		FBADD5F61F5A15CA00692ED1 /* Base */ = {isa = PBXFileReference; lastKnownFileType = file.storyboard; name = Base; path = Base.lproj/LaunchScreen.storyboard; sourceTree = "<group>"; };
		FBADD5F81F5A15CA00692ED1 /* Info.plist */ = {isa = PBXFileReference; lastKnownFileType = text.plist.xml; path = Info.plist; sourceTree = "<group>"; };
		FBADD5FD1F5A15CA00692ED1 /* PokemonTests.xctest */ = {isa = PBXFileReference; explicitFileType = wrapper.cfbundle; includeInIndex = 0; path = PokemonTests.xctest; sourceTree = BUILT_PRODUCTS_DIR; };
		FBADD6031F5A15CA00692ED1 /* Info.plist */ = {isa = PBXFileReference; lastKnownFileType = text.plist.xml; path = Info.plist; sourceTree = "<group>"; };
		FBADD6081F5A15CA00692ED1 /* PokemonUITests.xctest */ = {isa = PBXFileReference; explicitFileType = wrapper.cfbundle; includeInIndex = 0; path = PokemonUITests.xctest; sourceTree = BUILT_PRODUCTS_DIR; };
		FBBBCE241F5D0AC40002B861 /* Pokemon Solid.ttf */ = {isa = PBXFileReference; lastKnownFileType = file; path = "Pokemon Solid.ttf"; sourceTree = "<group>"; };
		FBBBCE291F5D47C50002B861 /* Alert.swift */ = {isa = PBXFileReference; fileEncoding = 4; lastKnownFileType = sourcecode.swift; path = Alert.swift; sourceTree = "<group>"; };
/* End PBXFileReference section */

/* Begin PBXFrameworksBuildPhase section */
		FB8253BA1F63439D004A243F /* Frameworks */ = {
			isa = PBXFrameworksBuildPhase;
			buildActionMask = 2147483647;
			files = (
			);
			runOnlyForDeploymentPostprocessing = 0;
		};
		FBADD5E61F5A15CA00692ED1 /* Frameworks */ = {
			isa = PBXFrameworksBuildPhase;
			buildActionMask = 2147483647;
			files = (
				FB5E672A1F5A2BC80050F5F3 /* Alamofire.framework in Frameworks */,
				E1D324CE9A3890F53BEE794F /* Pods_Pokemon.framework in Frameworks */,
			);
			runOnlyForDeploymentPostprocessing = 0;
		};
		FBADD5FA1F5A15CA00692ED1 /* Frameworks */ = {
			isa = PBXFrameworksBuildPhase;
			buildActionMask = 2147483647;
			files = (
				8678682045B71C1F2346C806 /* Pods_PokemonTests.framework in Frameworks */,
			);
			runOnlyForDeploymentPostprocessing = 0;
		};
		FBADD6051F5A15CA00692ED1 /* Frameworks */ = {
			isa = PBXFrameworksBuildPhase;
			buildActionMask = 2147483647;
			files = (
				769253E9E196D745BCEA53B3 /* Pods_PokemonUITests.framework in Frameworks */,
			);
			runOnlyForDeploymentPostprocessing = 0;
		};
/* End PBXFrameworksBuildPhase section */

/* Begin PBXGroup section */
		A9C80A0D90BBB6D7A4B603EB /* Frameworks */ = {
			isa = PBXGroup;
			children = (
				FB5E67291F5A2BC80050F5F3 /* Alamofire.framework */,
				D8199B812F1C5C9AF0576685 /* Pods_Pokemon.framework */,
				D01F965C4413C27AA78BA8DA /* Pods_PokemonTests.framework */,
				1ED7A04CC717746AC4DD26B1 /* Pods_PokemonUITests.framework */,
			);
			name = Frameworks;
			sourceTree = "<group>";
		};
		CB601A74BB676FF94C441259 /* Pods */ = {
			isa = PBXGroup;
			children = (
				EE2F34C7A7AD65F37671B601 /* Pods-Pokemon.debug.xcconfig */,
				F4E7B7E40B08D0B5D5A709BB /* Pods-Pokemon.release.xcconfig */,
				AE19FFA36F213AB8A3FBA7A1 /* Pods-PokemonTests.debug.xcconfig */,
				887C2D97A1F020FB3C91882B /* Pods-PokemonTests.release.xcconfig */,
				0953A44BD3F2012450FC8FFD /* Pods-PokemonUITests.debug.xcconfig */,
				C063F02F950E1505C1723AC1 /* Pods-PokemonUITests.release.xcconfig */,
			);
			name = Pods;
			sourceTree = "<group>";
		};
		FB5E672F1F5B59E80050F5F3 /* App Delegate */ = {
			isa = PBXGroup;
			children = (
				FBADD5EC1F5A15CA00692ED1 /* AppDelegate.swift */,
			);
			name = "App Delegate";
			sourceTree = "<group>";
		};
		FB5E67301F5B5A0E0050F5F3 /* Supporting FIles */ = {
			isa = PBXGroup;
			children = (
				FBADD5F81F5A15CA00692ED1 /* Info.plist */,
			);
			name = "Supporting FIles";
			sourceTree = "<group>";
		};
		FB5E67311F5B5A4E0050F5F3 /* Resources */ = {
			isa = PBXGroup;
			children = (
				FBBBCE241F5D0AC40002B861 /* Pokemon Solid.ttf */,
				FB5E67501F5B7E3D0050F5F3 /* pokemonList.json */,
				FBADD5F31F5A15CA00692ED1 /* Assets.xcassets */,
			);
			name = Resources;
			sourceTree = "<group>";
		};
		FB5E67321F5B5AC70050F5F3 /* Cases */ = {
			isa = PBXGroup;
			children = (
				FB5E674E1F5B79D30050F5F3 /* PokemonListTest.swift */,
				FB5E67541F5BEE5C0050F5F3 /* PokemonDetailsTest.swift */,
			);
			name = Cases;
			sourceTree = "<group>";
		};
		FB5E67331F5B5ACE0050F5F3 /* Data */ = {
			isa = PBXGroup;
			children = (
				FB5E67521F5BC5DE0050F5F3 /* pokemonListMisformedKeys.json */,
				FB5E674C1F5B799E0050F5F3 /* pokemonList.json */,
			);
			name = Data;
			sourceTree = "<group>";
		};
		FB5E67341F5B5AE20050F5F3 /* Supporting Files */ = {
			isa = PBXGroup;
			children = (
				FBADD6031F5A15CA00692ED1 /* Info.plist */,
			);
			name = "Supporting Files";
			sourceTree = "<group>";
		};
		FB8253BE1F63439D004A243F /* PokeUITests */ = {
			isa = PBXGroup;
			children = (
				FB8253BF1F63439D004A243F /* PokeUITests.swift */,
				FB8253C11F63439D004A243F /* Info.plist */,
			);
			path = PokeUITests;
			sourceTree = "<group>";
		};
		FBADD5E01F5A15CA00692ED1 = {
			isa = PBXGroup;
			children = (
				FBADD5EB1F5A15CA00692ED1 /* Pokemon */,
				FBADD6001F5A15CA00692ED1 /* PokemonTests */,
				FB8253BE1F63439D004A243F /* PokeUITests */,
				FBADD5EA1F5A15CA00692ED1 /* Products */,
				CB601A74BB676FF94C441259 /* Pods */,
				A9C80A0D90BBB6D7A4B603EB /* Frameworks */,
			);
			sourceTree = "<group>";
		};
		FBADD5EA1F5A15CA00692ED1 /* Products */ = {
			isa = PBXGroup;
			children = (
				FBADD5E91F5A15CA00692ED1 /* Pokemon.app */,
				FBADD5FD1F5A15CA00692ED1 /* PokemonTests.xctest */,
				FBADD6081F5A15CA00692ED1 /* PokemonUITests.xctest */,
				FB8253BD1F63439D004A243F /* PokeUITests.xctest */,
			);
			name = Products;
			sourceTree = "<group>";
		};
		FBADD5EB1F5A15CA00692ED1 /* Pokemon */ = {
			isa = PBXGroup;
			children = (
				FB5E672F1F5B59E80050F5F3 /* App Delegate */,
				FBBBCE281F5D47910002B861 /* Helpers */,
				FB5E67311F5B5A4E0050F5F3 /* Resources */,
				FB5E67301F5B5A0E0050F5F3 /* Supporting FIles */,
				FBADD61A1F5A182F00692ED1 /* Model */,
				FBADD61B1F5A183500692ED1 /* View */,
				FBADD61C1F5A183B00692ED1 /* Controller */,
			);
			path = Pokemon;
			sourceTree = "<group>";
		};
		FBADD6001F5A15CA00692ED1 /* PokemonTests */ = {
			isa = PBXGroup;
			children = (
				FB5E67331F5B5ACE0050F5F3 /* Data */,
				FB5E67321F5B5AC70050F5F3 /* Cases */,
				FB5E67341F5B5AE20050F5F3 /* Supporting Files */,
			);
			path = PokemonTests;
			sourceTree = "<group>";
		};
		FBADD61A1F5A182F00692ED1 /* Model */ = {
			isa = PBXGroup;
			children = (
				FB5E67271F5A29D10050F5F3 /* Pokemon.swift */,
				FB5E672D1F5A8D960050F5F3 /* PokemonDetails.swift */,
				FB5E674A1F5B6C720050F5F3 /* DecodeJson.swift */,
			);
			name = Model;
			sourceTree = "<group>";
		};
		FBADD61B1F5A183500692ED1 /* View */ = {
			isa = PBXGroup;
			children = (
				FBADD5F01F5A15CA00692ED1 /* Main.storyboard */,
				FBADD5F51F5A15CA00692ED1 /* LaunchScreen.storyboard */,
			);
			name = View;
			sourceTree = "<group>";
		};
		FBADD61C1F5A183B00692ED1 /* Controller */ = {
			isa = PBXGroup;
			children = (
				FBADD5EE1F5A15CA00692ED1 /* mainTableviewVC.swift */,
				FB5E672B1F5A769F0050F5F3 /* pokemonDetailsVC.swift */,
			);
			name = Controller;
			sourceTree = "<group>";
		};
		FBBBCE281F5D47910002B861 /* Helpers */ = {
			isa = PBXGroup;
			children = (
				FBBBCE291F5D47C50002B861 /* Alert.swift */,
			);
			name = Helpers;
			sourceTree = "<group>";
		};
/* End PBXGroup section */

/* Begin PBXNativeTarget section */
		FB8253BC1F63439D004A243F /* PokeUITests */ = {
			isa = PBXNativeTarget;
			buildConfigurationList = FB8253C41F63439D004A243F /* Build configuration list for PBXNativeTarget "PokeUITests" */;
			buildPhases = (
				FB8253B91F63439D004A243F /* Sources */,
				FB8253BA1F63439D004A243F /* Frameworks */,
				FB8253BB1F63439D004A243F /* Resources */,
			);
			buildRules = (
			);
			dependencies = (
				FB8253C31F63439D004A243F /* PBXTargetDependency */,
			);
			name = PokeUITests;
			productName = PokeUITests;
			productReference = FB8253BD1F63439D004A243F /* PokeUITests.xctest */;
			productType = "com.apple.product-type.bundle.ui-testing";
		};
		FBADD5E81F5A15CA00692ED1 /* Pokemon */ = {
			isa = PBXNativeTarget;
			buildConfigurationList = FBADD6111F5A15CA00692ED1 /* Build configuration list for PBXNativeTarget "Pokemon" */;
			buildPhases = (
				CF95A2D380563EBC9B6FAC89 /* [CP] Check Pods Manifest.lock */,
				FBADD5E51F5A15CA00692ED1 /* Sources */,
				FBADD5E61F5A15CA00692ED1 /* Frameworks */,
				FBADD5E71F5A15CA00692ED1 /* Resources */,
				63B0DC730D0E231A340B09A8 /* [CP] Embed Pods Frameworks */,
				F52747C65EAF860E2E208705 /* [CP] Copy Pods Resources */,
			);
			buildRules = (
			);
			dependencies = (
			);
			name = Pokemon;
			productName = Pokemon;
			productReference = FBADD5E91F5A15CA00692ED1 /* Pokemon.app */;
			productType = "com.apple.product-type.application";
		};
		FBADD5FC1F5A15CA00692ED1 /* PokemonTests */ = {
			isa = PBXNativeTarget;
			buildConfigurationList = FBADD6141F5A15CA00692ED1 /* Build configuration list for PBXNativeTarget "PokemonTests" */;
			buildPhases = (
				629D6E9E66069281246065C2 /* [CP] Check Pods Manifest.lock */,
				FBADD5F91F5A15CA00692ED1 /* Sources */,
				FBADD5FA1F5A15CA00692ED1 /* Frameworks */,
				FBADD5FB1F5A15CA00692ED1 /* Resources */,
				6B72C52221B0DE5B4013B9D8 /* [CP] Embed Pods Frameworks */,
				B000D70F6AED367C4BF2FACD /* [CP] Copy Pods Resources */,
			);
			buildRules = (
			);
			dependencies = (
				FBADD5FF1F5A15CA00692ED1 /* PBXTargetDependency */,
			);
			name = PokemonTests;
			productName = PokemonTests;
			productReference = FBADD5FD1F5A15CA00692ED1 /* PokemonTests.xctest */;
			productType = "com.apple.product-type.bundle.unit-test";
		};
		FBADD6071F5A15CA00692ED1 /* PokemonUITests */ = {
			isa = PBXNativeTarget;
			buildConfigurationList = FBADD6171F5A15CA00692ED1 /* Build configuration list for PBXNativeTarget "PokemonUITests" */;
			buildPhases = (
				7E2CFE1C5628586B0DA14360 /* [CP] Check Pods Manifest.lock */,
				FBADD6041F5A15CA00692ED1 /* Sources */,
				FBADD6051F5A15CA00692ED1 /* Frameworks */,
				FBADD6061F5A15CA00692ED1 /* Resources */,
				10E7D4C5D92C29E0999387F2 /* [CP] Embed Pods Frameworks */,
				5E989BBAF7E1DB34FFFA39DB /* [CP] Copy Pods Resources */,
			);
			buildRules = (
			);
			dependencies = (
				FBADD60A1F5A15CA00692ED1 /* PBXTargetDependency */,
			);
			name = PokemonUITests;
			productName = PokemonUITests;
			productReference = FBADD6081F5A15CA00692ED1 /* PokemonUITests.xctest */;
			productType = "com.apple.product-type.bundle.ui-testing";
		};
/* End PBXNativeTarget section */

/* Begin PBXProject section */
		FBADD5E11F5A15CA00692ED1 /* Project object */ = {
			isa = PBXProject;
			attributes = {
				LastSwiftUpdateCheck = 0830;
				LastUpgradeCheck = 0830;
				ORGANIZATIONNAME = "Craig Briggs";
				TargetAttributes = {
					FB8253BC1F63439D004A243F = {
						CreatedOnToolsVersion = 8.3.3;
						ProvisioningStyle = Automatic;
						TestTargetID = FBADD5E81F5A15CA00692ED1;
					};
					FBADD5E81F5A15CA00692ED1 = {
						CreatedOnToolsVersion = 8.3.3;
						ProvisioningStyle = Automatic;
					};
					FBADD5FC1F5A15CA00692ED1 = {
						CreatedOnToolsVersion = 8.3.3;
						LastSwiftMigration = 0830;
						ProvisioningStyle = Automatic;
						TestTargetID = FBADD5E81F5A15CA00692ED1;
					};
					FBADD6071F5A15CA00692ED1 = {
						CreatedOnToolsVersion = 8.3.3;
						ProvisioningStyle = Automatic;
						TestTargetID = FBADD5E81F5A15CA00692ED1;
					};
				};
			};
			buildConfigurationList = FBADD5E41F5A15CA00692ED1 /* Build configuration list for PBXProject "Pokemon" */;
			compatibilityVersion = "Xcode 3.2";
			developmentRegion = English;
			hasScannedForEncodings = 0;
			knownRegions = (
				en,
				Base,
			);
			mainGroup = FBADD5E01F5A15CA00692ED1;
			productRefGroup = FBADD5EA1F5A15CA00692ED1 /* Products */;
			projectDirPath = "";
			projectRoot = "";
			targets = (
				FBADD5E81F5A15CA00692ED1 /* Pokemon */,
				FBADD5FC1F5A15CA00692ED1 /* PokemonTests */,
				FBADD6071F5A15CA00692ED1 /* PokemonUITests */,
				FB8253BC1F63439D004A243F /* PokeUITests */,
			);
		};
/* End PBXProject section */

/* Begin PBXResourcesBuildPhase section */
		FB8253BB1F63439D004A243F /* Resources */ = {
			isa = PBXResourcesBuildPhase;
			buildActionMask = 2147483647;
			files = (
			);
			runOnlyForDeploymentPostprocessing = 0;
		};
		FBADD5E71F5A15CA00692ED1 /* Resources */ = {
			isa = PBXResourcesBuildPhase;
			buildActionMask = 2147483647;
			files = (
				FBBBCE251F5D0AC40002B861 /* Pokemon Solid.ttf in Resources */,
				FBADD5F71F5A15CA00692ED1 /* LaunchScreen.storyboard in Resources */,
				FB5E67511F5B7E3D0050F5F3 /* pokemonList.json in Resources */,
				FBADD5F41F5A15CA00692ED1 /* Assets.xcassets in Resources */,
				FBADD5F21F5A15CA00692ED1 /* Main.storyboard in Resources */,
			);
			runOnlyForDeploymentPostprocessing = 0;
		};
		FBADD5FB1F5A15CA00692ED1 /* Resources */ = {
			isa = PBXResourcesBuildPhase;
			buildActionMask = 2147483647;
			files = (
				FB5E67531F5BC5DE0050F5F3 /* pokemonListMisformedKeys.json in Resources */,
				FB5E674D1F5B799E0050F5F3 /* pokemonList.json in Resources */,
			);
			runOnlyForDeploymentPostprocessing = 0;
		};
		FBADD6061F5A15CA00692ED1 /* Resources */ = {
			isa = PBXResourcesBuildPhase;
			buildActionMask = 2147483647;
			files = (
			);
			runOnlyForDeploymentPostprocessing = 0;
		};
/* End PBXResourcesBuildPhase section */

/* Begin PBXShellScriptBuildPhase section */
		10E7D4C5D92C29E0999387F2 /* [CP] Embed Pods Frameworks */ = {
			isa = PBXShellScriptBuildPhase;
			buildActionMask = 2147483647;
			files = (
			);
			inputPaths = (
			);
			name = "[CP] Embed Pods Frameworks";
			outputPaths = (
			);
			runOnlyForDeploymentPostprocessing = 0;
			shellPath = /bin/sh;
			shellScript = "\"${SRCROOT}/Pods/Target Support Files/Pods-PokemonUITests/Pods-PokemonUITests-frameworks.sh\"\n";
			showEnvVarsInLog = 0;
		};
		5E989BBAF7E1DB34FFFA39DB /* [CP] Copy Pods Resources */ = {
			isa = PBXShellScriptBuildPhase;
			buildActionMask = 2147483647;
			files = (
			);
			inputPaths = (
			);
			name = "[CP] Copy Pods Resources";
			outputPaths = (
			);
			runOnlyForDeploymentPostprocessing = 0;
			shellPath = /bin/sh;
			shellScript = "\"${SRCROOT}/Pods/Target Support Files/Pods-PokemonUITests/Pods-PokemonUITests-resources.sh\"\n";
			showEnvVarsInLog = 0;
		};
		629D6E9E66069281246065C2 /* [CP] Check Pods Manifest.lock */ = {
			isa = PBXShellScriptBuildPhase;
			buildActionMask = 2147483647;
			files = (
			);
			inputPaths = (
				"${PODS_PODFILE_DIR_PATH}/Podfile.lock",
				"${PODS_ROOT}/Manifest.lock",
			);
			name = "[CP] Check Pods Manifest.lock";
			outputPaths = (
				"$(DERIVED_FILE_DIR)/Pods-PokemonTests-checkManifestLockResult.txt",
			);
			runOnlyForDeploymentPostprocessing = 0;
			shellPath = /bin/sh;
			shellScript = "diff \"${PODS_PODFILE_DIR_PATH}/Podfile.lock\" \"${PODS_ROOT}/Manifest.lock\" > /dev/null\nif [ $? != 0 ] ; then\n    # print error to STDERR\n    echo \"error: The sandbox is not in sync with the Podfile.lock. Run 'pod install' or update your CocoaPods installation.\" >&2\n    exit 1\nfi\n# This output is used by Xcode 'outputs' to avoid re-running this script phase.\necho \"SUCCESS\" > \"${SCRIPT_OUTPUT_FILE_0}\"\n";
			showEnvVarsInLog = 0;
		};
		63B0DC730D0E231A340B09A8 /* [CP] Embed Pods Frameworks */ = {
			isa = PBXShellScriptBuildPhase;
			buildActionMask = 2147483647;
			files = (
			);
			inputPaths = (
				"${SRCROOT}/Pods/Target Support Files/Pods-Pokemon/Pods-Pokemon-frameworks.sh",
				"${BUILT_PRODUCTS_DIR}/Alamofire/Alamofire.framework",
				"${BUILT_PRODUCTS_DIR}/AlamofireImage/AlamofireImage.framework",
			);
			name = "[CP] Embed Pods Frameworks";
			outputPaths = (
				"${TARGET_BUILD_DIR}/${FRAMEWORKS_FOLDER_PATH}/Alamofire.framework",
				"${TARGET_BUILD_DIR}/${FRAMEWORKS_FOLDER_PATH}/AlamofireImage.framework",
			);
			runOnlyForDeploymentPostprocessing = 0;
			shellPath = /bin/sh;
			shellScript = "\"${SRCROOT}/Pods/Target Support Files/Pods-Pokemon/Pods-Pokemon-frameworks.sh\"\n";
			showEnvVarsInLog = 0;
		};
		6B72C52221B0DE5B4013B9D8 /* [CP] Embed Pods Frameworks */ = {
			isa = PBXShellScriptBuildPhase;
			buildActionMask = 2147483647;
			files = (
			);
			inputPaths = (
			);
			name = "[CP] Embed Pods Frameworks";
			outputPaths = (
			);
			runOnlyForDeploymentPostprocessing = 0;
			shellPath = /bin/sh;
			shellScript = "\"${SRCROOT}/Pods/Target Support Files/Pods-PokemonTests/Pods-PokemonTests-frameworks.sh\"\n";
			showEnvVarsInLog = 0;
		};
		7E2CFE1C5628586B0DA14360 /* [CP] Check Pods Manifest.lock */ = {
			isa = PBXShellScriptBuildPhase;
			buildActionMask = 2147483647;
			files = (
			);
			inputPaths = (
				"${PODS_PODFILE_DIR_PATH}/Podfile.lock",
				"${PODS_ROOT}/Manifest.lock",
			);
			name = "[CP] Check Pods Manifest.lock";
			outputPaths = (
				"$(DERIVED_FILE_DIR)/Pods-PokemonUITests-checkManifestLockResult.txt",
			);
			runOnlyForDeploymentPostprocessing = 0;
			shellPath = /bin/sh;
			shellScript = "diff \"${PODS_PODFILE_DIR_PATH}/Podfile.lock\" \"${PODS_ROOT}/Manifest.lock\" > /dev/null\nif [ $? != 0 ] ; then\n    # print error to STDERR\n    echo \"error: The sandbox is not in sync with the Podfile.lock. Run 'pod install' or update your CocoaPods installation.\" >&2\n    exit 1\nfi\n# This output is used by Xcode 'outputs' to avoid re-running this script phase.\necho \"SUCCESS\" > \"${SCRIPT_OUTPUT_FILE_0}\"\n";
			showEnvVarsInLog = 0;
		};
		B000D70F6AED367C4BF2FACD /* [CP] Copy Pods Resources */ = {
			isa = PBXShellScriptBuildPhase;
			buildActionMask = 2147483647;
			files = (
			);
			inputPaths = (
			);
			name = "[CP] Copy Pods Resources";
			outputPaths = (
			);
			runOnlyForDeploymentPostprocessing = 0;
			shellPath = /bin/sh;
			shellScript = "\"${SRCROOT}/Pods/Target Support Files/Pods-PokemonTests/Pods-PokemonTests-resources.sh\"\n";
			showEnvVarsInLog = 0;
		};
		CF95A2D380563EBC9B6FAC89 /* [CP] Check Pods Manifest.lock */ = {
			isa = PBXShellScriptBuildPhase;
			buildActionMask = 2147483647;
			files = (
			);
			inputPaths = (
				"${PODS_PODFILE_DIR_PATH}/Podfile.lock",
				"${PODS_ROOT}/Manifest.lock",
			);
			name = "[CP] Check Pods Manifest.lock";
			outputPaths = (
				"$(DERIVED_FILE_DIR)/Pods-Pokemon-checkManifestLockResult.txt",
			);
			runOnlyForDeploymentPostprocessing = 0;
			shellPath = /bin/sh;
			shellScript = "diff \"${PODS_PODFILE_DIR_PATH}/Podfile.lock\" \"${PODS_ROOT}/Manifest.lock\" > /dev/null\nif [ $? != 0 ] ; then\n    # print error to STDERR\n    echo \"error: The sandbox is not in sync with the Podfile.lock. Run 'pod install' or update your CocoaPods installation.\" >&2\n    exit 1\nfi\n# This output is used by Xcode 'outputs' to avoid re-running this script phase.\necho \"SUCCESS\" > \"${SCRIPT_OUTPUT_FILE_0}\"\n";
			showEnvVarsInLog = 0;
		};
		F52747C65EAF860E2E208705 /* [CP] Copy Pods Resources */ = {
			isa = PBXShellScriptBuildPhase;
			buildActionMask = 2147483647;
			files = (
			);
			inputPaths = (
			);
			name = "[CP] Copy Pods Resources";
			outputPaths = (
			);
			runOnlyForDeploymentPostprocessing = 0;
			shellPath = /bin/sh;
			shellScript = "\"${SRCROOT}/Pods/Target Support Files/Pods-Pokemon/Pods-Pokemon-resources.sh\"\n";
			showEnvVarsInLog = 0;
		};
/* End PBXShellScriptBuildPhase section */

/* Begin PBXSourcesBuildPhase section */
		FB8253B91F63439D004A243F /* Sources */ = {
			isa = PBXSourcesBuildPhase;
			buildActionMask = 2147483647;
			files = (
				FB8253C01F63439D004A243F /* PokeUITests.swift in Sources */,
			);
			runOnlyForDeploymentPostprocessing = 0;
		};
		FBADD5E51F5A15CA00692ED1 /* Sources */ = {
			isa = PBXSourcesBuildPhase;
			buildActionMask = 2147483647;
			files = (
				FB5E67281F5A29D10050F5F3 /* Pokemon.swift in Sources */,
				FBBBCE2A1F5D47C50002B861 /* Alert.swift in Sources */,
				FB5E672C1F5A769F0050F5F3 /* pokemonDetailsVC.swift in Sources */,
				FBADD5EF1F5A15CA00692ED1 /* mainTableviewVC.swift in Sources */,
				FB5E674B1F5B6C720050F5F3 /* DecodeJson.swift in Sources */,
				FBADD5ED1F5A15CA00692ED1 /* AppDelegate.swift in Sources */,
				FB5E672E1F5A8D960050F5F3 /* PokemonDetails.swift in Sources */,
			);
			runOnlyForDeploymentPostprocessing = 0;
		};
		FBADD5F91F5A15CA00692ED1 /* Sources */ = {
			isa = PBXSourcesBuildPhase;
			buildActionMask = 2147483647;
			files = (
				FB5E67551F5BEE5C0050F5F3 /* PokemonDetailsTest.swift in Sources */,
				FB5E674F1F5B79D30050F5F3 /* PokemonListTest.swift in Sources */,
			);
			runOnlyForDeploymentPostprocessing = 0;
		};
		FBADD6041F5A15CA00692ED1 /* Sources */ = {
			isa = PBXSourcesBuildPhase;
			buildActionMask = 2147483647;
			files = (
			);
			runOnlyForDeploymentPostprocessing = 0;
		};
/* End PBXSourcesBuildPhase section */

/* Begin PBXTargetDependency section */
		FB8253C31F63439D004A243F /* PBXTargetDependency */ = {
			isa = PBXTargetDependency;
			target = FBADD5E81F5A15CA00692ED1 /* Pokemon */;
			targetProxy = FB8253C21F63439D004A243F /* PBXContainerItemProxy */;
		};
		FBADD5FF1F5A15CA00692ED1 /* PBXTargetDependency */ = {
			isa = PBXTargetDependency;
			target = FBADD5E81F5A15CA00692ED1 /* Pokemon */;
			targetProxy = FBADD5FE1F5A15CA00692ED1 /* PBXContainerItemProxy */;
		};
		FBADD60A1F5A15CA00692ED1 /* PBXTargetDependency */ = {
			isa = PBXTargetDependency;
			target = FBADD5E81F5A15CA00692ED1 /* Pokemon */;
			targetProxy = FBADD6091F5A15CA00692ED1 /* PBXContainerItemProxy */;
		};
/* End PBXTargetDependency section */

/* Begin PBXVariantGroup section */
		FBADD5F01F5A15CA00692ED1 /* Main.storyboard */ = {
			isa = PBXVariantGroup;
			children = (
				FBADD5F11F5A15CA00692ED1 /* Base */,
			);
			name = Main.storyboard;
			sourceTree = "<group>";
		};
		FBADD5F51F5A15CA00692ED1 /* LaunchScreen.storyboard */ = {
			isa = PBXVariantGroup;
			children = (
				FBADD5F61F5A15CA00692ED1 /* Base */,
			);
			name = LaunchScreen.storyboard;
			sourceTree = "<group>";
		};
/* End PBXVariantGroup section */

/* Begin XCBuildConfiguration section */
		FB8253C51F63439D004A243F /* Debug */ = {
			isa = XCBuildConfiguration;
			buildSettings = {
				INFOPLIST_FILE = PokeUITests/Info.plist;
				LD_RUNPATH_SEARCH_PATHS = "$(inherited) @executable_path/Frameworks @loader_path/Frameworks";
				PRODUCT_BUNDLE_IDENTIFIER = com.craigbriggs.PokeUITests;
				PRODUCT_NAME = "$(TARGET_NAME)";
				SWIFT_VERSION = 3.0;
				TEST_TARGET_NAME = Pokemon;
			};
			name = Debug;
		};
		FB8253C61F63439D004A243F /* Release */ = {
			isa = XCBuildConfiguration;
			buildSettings = {
				INFOPLIST_FILE = PokeUITests/Info.plist;
				LD_RUNPATH_SEARCH_PATHS = "$(inherited) @executable_path/Frameworks @loader_path/Frameworks";
				PRODUCT_BUNDLE_IDENTIFIER = com.craigbriggs.PokeUITests;
				PRODUCT_NAME = "$(TARGET_NAME)";
				SWIFT_VERSION = 3.0;
				TEST_TARGET_NAME = Pokemon;
			};
			name = Release;
		};
		FBADD60F1F5A15CA00692ED1 /* Debug */ = {
			isa = XCBuildConfiguration;
			buildSettings = {
				ALWAYS_SEARCH_USER_PATHS = NO;
				CLANG_ANALYZER_NONNULL = YES;
				CLANG_ANALYZER_NUMBER_OBJECT_CONVERSION = YES_AGGRESSIVE;
				CLANG_CXX_LANGUAGE_STANDARD = "gnu++0x";
				CLANG_CXX_LIBRARY = "libc++";
				CLANG_ENABLE_MODULES = YES;
				CLANG_ENABLE_OBJC_ARC = YES;
				CLANG_WARN_BOOL_CONVERSION = YES;
				CLANG_WARN_CONSTANT_CONVERSION = YES;
				CLANG_WARN_DIRECT_OBJC_ISA_USAGE = YES_ERROR;
				CLANG_WARN_DOCUMENTATION_COMMENTS = YES;
				CLANG_WARN_EMPTY_BODY = YES;
				CLANG_WARN_ENUM_CONVERSION = YES;
				CLANG_WARN_INFINITE_RECURSION = YES;
				CLANG_WARN_INT_CONVERSION = YES;
				CLANG_WARN_OBJC_ROOT_CLASS = YES_ERROR;
				CLANG_WARN_SUSPICIOUS_MOVE = YES;
				CLANG_WARN_UNREACHABLE_CODE = YES;
				CLANG_WARN__DUPLICATE_METHOD_MATCH = YES;
				"CODE_SIGN_IDENTITY[sdk=iphoneos*]" = "iPhone Developer";
				COPY_PHASE_STRIP = NO;
				DEBUG_INFORMATION_FORMAT = dwarf;
				ENABLE_STRICT_OBJC_MSGSEND = YES;
				ENABLE_TESTABILITY = YES;
				GCC_C_LANGUAGE_STANDARD = gnu99;
				GCC_DYNAMIC_NO_PIC = NO;
				GCC_NO_COMMON_BLOCKS = YES;
				GCC_OPTIMIZATION_LEVEL = 0;
				GCC_PREPROCESSOR_DEFINITIONS = (
					"DEBUG=1",
					"$(inherited)",
				);
				GCC_WARN_64_TO_32_BIT_CONVERSION = YES;
				GCC_WARN_ABOUT_RETURN_TYPE = YES_ERROR;
				GCC_WARN_UNDECLARED_SELECTOR = YES;
				GCC_WARN_UNINITIALIZED_AUTOS = YES_AGGRESSIVE;
				GCC_WARN_UNUSED_FUNCTION = YES;
				GCC_WARN_UNUSED_VARIABLE = YES;
				IPHONEOS_DEPLOYMENT_TARGET = 10.3;
				MTL_ENABLE_DEBUG_INFO = YES;
				ONLY_ACTIVE_ARCH = YES;
				SDKROOT = iphoneos;
				SWIFT_ACTIVE_COMPILATION_CONDITIONS = DEBUG;
				SWIFT_OPTIMIZATION_LEVEL = "-Onone";
				TARGETED_DEVICE_FAMILY = "1,2";
			};
			name = Debug;
		};
		FBADD6101F5A15CA00692ED1 /* Release */ = {
			isa = XCBuildConfiguration;
			buildSettings = {
				ALWAYS_SEARCH_USER_PATHS = NO;
				CLANG_ANALYZER_NONNULL = YES;
				CLANG_ANALYZER_NUMBER_OBJECT_CONVERSION = YES_AGGRESSIVE;
				CLANG_CXX_LANGUAGE_STANDARD = "gnu++0x";
				CLANG_CXX_LIBRARY = "libc++";
				CLANG_ENABLE_MODULES = YES;
				CLANG_ENABLE_OBJC_ARC = YES;
				CLANG_WARN_BOOL_CONVERSION = YES;
				CLANG_WARN_CONSTANT_CONVERSION = YES;
				CLANG_WARN_DIRECT_OBJC_ISA_USAGE = YES_ERROR;
				CLANG_WARN_DOCUMENTATION_COMMENTS = YES;
				CLANG_WARN_EMPTY_BODY = YES;
				CLANG_WARN_ENUM_CONVERSION = YES;
				CLANG_WARN_INFINITE_RECURSION = YES;
				CLANG_WARN_INT_CONVERSION = YES;
				CLANG_WARN_OBJC_ROOT_CLASS = YES_ERROR;
				CLANG_WARN_SUSPICIOUS_MOVE = YES;
				CLANG_WARN_UNREACHABLE_CODE = YES;
				CLANG_WARN__DUPLICATE_METHOD_MATCH = YES;
				"CODE_SIGN_IDENTITY[sdk=iphoneos*]" = "iPhone Developer";
				COPY_PHASE_STRIP = NO;
				DEBUG_INFORMATION_FORMAT = "dwarf-with-dsym";
				ENABLE_NS_ASSERTIONS = NO;
				ENABLE_STRICT_OBJC_MSGSEND = YES;
				GCC_C_LANGUAGE_STANDARD = gnu99;
				GCC_NO_COMMON_BLOCKS = YES;
				GCC_WARN_64_TO_32_BIT_CONVERSION = YES;
				GCC_WARN_ABOUT_RETURN_TYPE = YES_ERROR;
				GCC_WARN_UNDECLARED_SELECTOR = YES;
				GCC_WARN_UNINITIALIZED_AUTOS = YES_AGGRESSIVE;
				GCC_WARN_UNUSED_FUNCTION = YES;
				GCC_WARN_UNUSED_VARIABLE = YES;
				IPHONEOS_DEPLOYMENT_TARGET = 10.3;
				MTL_ENABLE_DEBUG_INFO = NO;
				SDKROOT = iphoneos;
				SWIFT_OPTIMIZATION_LEVEL = "-Owholemodule";
				TARGETED_DEVICE_FAMILY = "1,2";
				VALIDATE_PRODUCT = YES;
			};
			name = Release;
		};
		FBADD6121F5A15CA00692ED1 /* Debug */ = {
			isa = XCBuildConfiguration;
			baseConfigurationReference = EE2F34C7A7AD65F37671B601 /* Pods-Pokemon.debug.xcconfig */;
			buildSettings = {
				ASSETCATALOG_COMPILER_APPICON_NAME = AppIcon;
				FRAMEWORK_SEARCH_PATHS = (
					"$(inherited)",
					"$(PROJECT_DIR)/build/Release-iphoneos/Alamofire",
				);
				INFOPLIST_FILE = Pokemon/Info.plist;
				LD_RUNPATH_SEARCH_PATHS = "$(inherited) @executable_path/Frameworks";
				PRODUCT_BUNDLE_IDENTIFIER = com.craigbriggs.Pokemon;
				PRODUCT_NAME = "$(TARGET_NAME)";
				SWIFT_VERSION = 3.0;
			};
			name = Debug;
		};
		FBADD6131F5A15CA00692ED1 /* Release */ = {
			isa = XCBuildConfiguration;
			baseConfigurationReference = F4E7B7E40B08D0B5D5A709BB /* Pods-Pokemon.release.xcconfig */;
			buildSettings = {
				ASSETCATALOG_COMPILER_APPICON_NAME = AppIcon;
				FRAMEWORK_SEARCH_PATHS = (
					"$(inherited)",
					"$(PROJECT_DIR)/build/Release-iphoneos/Alamofire",
				);
				INFOPLIST_FILE = Pokemon/Info.plist;
				LD_RUNPATH_SEARCH_PATHS = "$(inherited) @executable_path/Frameworks";
				PRODUCT_BUNDLE_IDENTIFIER = com.craigbriggs.Pokemon;
				PRODUCT_NAME = "$(TARGET_NAME)";
				SWIFT_VERSION = 3.0;
			};
			name = Release;
		};
		FBADD6151F5A15CA00692ED1 /* Debug */ = {
			isa = XCBuildConfiguration;
			baseConfigurationReference = AE19FFA36F213AB8A3FBA7A1 /* Pods-PokemonTests.debug.xcconfig */;
			buildSettings = {
				ALWAYS_EMBED_SWIFT_STANDARD_LIBRARIES = YES;
				BUNDLE_LOADER = "$(TEST_HOST)";
				CLANG_ENABLE_MODULES = YES;
				INFOPLIST_FILE = PokemonTests/Info.plist;
				LD_RUNPATH_SEARCH_PATHS = "$(inherited) @executable_path/Frameworks @loader_path/Frameworks";
				PRODUCT_BUNDLE_IDENTIFIER = com.craigbriggs.PokemonTests;
				PRODUCT_NAME = "$(TARGET_NAME)";
				SWIFT_OPTIMIZATION_LEVEL = "-Onone";
				SWIFT_VERSION = 3.0;
				TEST_HOST = "$(BUILT_PRODUCTS_DIR)/Pokemon.app/Pokemon";
			};
			name = Debug;
		};
		FBADD6161F5A15CA00692ED1 /* Release */ = {
			isa = XCBuildConfiguration;
			baseConfigurationReference = 887C2D97A1F020FB3C91882B /* Pods-PokemonTests.release.xcconfig */;
			buildSettings = {
				ALWAYS_EMBED_SWIFT_STANDARD_LIBRARIES = YES;
				BUNDLE_LOADER = "$(TEST_HOST)";
				CLANG_ENABLE_MODULES = YES;
				INFOPLIST_FILE = PokemonTests/Info.plist;
				LD_RUNPATH_SEARCH_PATHS = "$(inherited) @executable_path/Frameworks @loader_path/Frameworks";
				PRODUCT_BUNDLE_IDENTIFIER = com.craigbriggs.PokemonTests;
				PRODUCT_NAME = "$(TARGET_NAME)";
				SWIFT_VERSION = 3.0;
				TEST_HOST = "$(BUILT_PRODUCTS_DIR)/Pokemon.app/Pokemon";
			};
			name = Release;
		};
		FBADD6181F5A15CA00692ED1 /* Debug */ = {
			isa = XCBuildConfiguration;
			baseConfigurationReference = 0953A44BD3F2012450FC8FFD /* Pods-PokemonUITests.debug.xcconfig */;
			buildSettings = {
				ALWAYS_EMBED_SWIFT_STANDARD_LIBRARIES = YES;
				INFOPLIST_FILE = PokemonUITests/Info.plist;
				LD_RUNPATH_SEARCH_PATHS = "$(inherited) @executable_path/Frameworks @loader_path/Frameworks";
				PRODUCT_BUNDLE_IDENTIFIER = com.craigbriggs.PokemonUITests;
				PRODUCT_NAME = "$(TARGET_NAME)";
				SWIFT_VERSION = 3.0;
				TEST_TARGET_NAME = Pokemon;
			};
			name = Debug;
		};
		FBADD6191F5A15CA00692ED1 /* Release */ = {
			isa = XCBuildConfiguration;
			baseConfigurationReference = C063F02F950E1505C1723AC1 /* Pods-PokemonUITests.release.xcconfig */;
			buildSettings = {
				ALWAYS_EMBED_SWIFT_STANDARD_LIBRARIES = YES;
				INFOPLIST_FILE = PokemonUITests/Info.plist;
				LD_RUNPATH_SEARCH_PATHS = "$(inherited) @executable_path/Frameworks @loader_path/Frameworks";
				PRODUCT_BUNDLE_IDENTIFIER = com.craigbriggs.PokemonUITests;
				PRODUCT_NAME = "$(TARGET_NAME)";
				SWIFT_VERSION = 3.0;
				TEST_TARGET_NAME = Pokemon;
			};
			name = Release;
		};
/* End XCBuildConfiguration section */

/* Begin XCConfigurationList section */
		FB8253C41F63439D004A243F /* Build configuration list for PBXNativeTarget "PokeUITests" */ = {
			isa = XCConfigurationList;
			buildConfigurations = (
				FB8253C51F63439D004A243F /* Debug */,
				FB8253C61F63439D004A243F /* Release */,
			);
			defaultConfigurationIsVisible = 0;
		};
		FBADD5E41F5A15CA00692ED1 /* Build configuration list for PBXProject "Pokemon" */ = {
			isa = XCConfigurationList;
			buildConfigurations = (
				FBADD60F1F5A15CA00692ED1 /* Debug */,
				FBADD6101F5A15CA00692ED1 /* Release */,
			);
			defaultConfigurationIsVisible = 0;
			defaultConfigurationName = Release;
		};
		FBADD6111F5A15CA00692ED1 /* Build configuration list for PBXNativeTarget "Pokemon" */ = {
			isa = XCConfigurationList;
			buildConfigurations = (
				FBADD6121F5A15CA00692ED1 /* Debug */,
				FBADD6131F5A15CA00692ED1 /* Release */,
			);
			defaultConfigurationIsVisible = 0;
			defaultConfigurationName = Release;
		};
		FBADD6141F5A15CA00692ED1 /* Build configuration list for PBXNativeTarget "PokemonTests" */ = {
			isa = XCConfigurationList;
			buildConfigurations = (
				FBADD6151F5A15CA00692ED1 /* Debug */,
				FBADD6161F5A15CA00692ED1 /* Release */,
			);
			defaultConfigurationIsVisible = 0;
			defaultConfigurationName = Release;
		};
		FBADD6171F5A15CA00692ED1 /* Build configuration list for PBXNativeTarget "PokemonUITests" */ = {
			isa = XCConfigurationList;
			buildConfigurations = (
				FBADD6181F5A15CA00692ED1 /* Debug */,
				FBADD6191F5A15CA00692ED1 /* Release */,
			);
			defaultConfigurationIsVisible = 0;
			defaultConfigurationName = Release;
		};
/* End XCConfigurationList section */
	};
	rootObject = FBADD5E11F5A15CA00692ED1 /* Project object */;
}
